
Microsoft Visual Studio Solution File, Format Version 11.00
# Visual Studio 2010
Project("{8BC9CEB8-8B4A-11D0-8D11-00A0C91BC942}") = "OpenGL_test", "OpenGL_test\OpenGL_test.vcxproj", "{0F560AD4-B5C9-4FA2-A07B-E065D0B5B42E}"
EndProject
Project("{8BC9CEB8-8B4A-11D0-8D11-00A0C91BC942}") = "Demo", "Demo\Demo.vcxproj", "{83972A9F-DDD6-47F0-A9D6-8A2D4A6A6D04}"
EndProject
Global
	GlobalSection(SolutionConfigurationPlatforms) = preSolution
		Debug|Win32 = Debug|Win32
		Release|Win32 = Release|Win32
	EndGlobalSection
	GlobalSection(ProjectConfigurationPlatforms) = postSolution
		{0F560AD4-B5C9-4FA2-A07B-E065D0B5B42E}.Debug|Win32.ActiveCfg = Debug|Win32
		{0F560AD4-B5C9-4FA2-A07B-E065D0B5B42E}.Debug|Win32.Build.0 = Debug|Win32
		{0F560AD4-B5C9-4FA2-A07B-E065D0B5B42E}.Release|Win32.ActiveCfg = Release|Win32
		{0F560AD4-B5C9-4FA2-A07B-E065D0B5B42E}.Release|Win32.Build.0 = Release|Win32
		{83972A9F-DDD6-47F0-A9D6-8A2D4A6A6D04}.Debug|Win32.ActiveCfg = Debug|Win32
		{83972A9F-DDD6-47F0-A9D6-8A2D4A6A6D04}.Debug|Win32.Build.0 = Debug|Win32
		{83972A9F-DDD6-47F0-A9D6-8A2D4A6A6D04}.Release|Win32.ActiveCfg = Release|Win32
		{83972A9F-DDD6-47F0-A9D6-8A2D4A6A6D04}.Release|Win32.Build.0 = Release|Win32
	EndGlobalSection
	GlobalSection(SolutionProperties) = preSolution
		HideSolutionNode = FALSE
	EndGlobalSection
EndGlobal
